
Microsoft Visual Studio Solution File, Format Version 12.00
# Visual Studio 15
VisualStudioVersion = 15.0.27130.2010
MinimumVisualStudioVersion = 10.0.40219.1
Project("{FAE04EC0-301F-11D3-BF4B-00C04F79EFBC}") = "TestMyApp", "TestMyApp\TestMyApp.csproj", "{62A2F37C-10A6-4084-A664-CB0D6373404B}"
EndProject
Project("{FAE04EC0-301F-11D3-BF4B-00C04F79EFBC}") = "MyApp", "MyApp\MyApp.csproj", "{3843529C-83EB-4644-9509-06BC633E5B37}"
EndProject
Global
	GlobalSection(SolutionConfigurationPlatforms) = preSolution
		Debug|Any CPU = Debug|Any CPU
		Release|Any CPU = Release|Any CPU
	EndGlobalSection
	GlobalSection(ProjectConfigurationPlatforms) = postSolution
		{62A2F37C-10A6-4084-A664-CB0D6373404B}.Debug|Any CPU.ActiveCfg = Debug|Any CPU
		{62A2F37C-10A6-4084-A664-CB0D6373404B}.Debug|Any CPU.Build.0 = Debug|Any CPU
		{62A2F37C-10A6-4084-A664-CB0D6373404B}.Release|Any CPU.ActiveCfg = Release|Any CPU
		{62A2F37C-10A6-4084-A664-CB0D6373404B}.Release|Any CPU.Build.0 = Release|Any CPU
		{3843529C-83EB-4644-9509-06BC633E5B37}.Debug|Any CPU.ActiveCfg = Debug|Any CPU
		{3843529C-83EB-4644-9509-06BC633E5B37}.Debug|Any CPU.Build.0 = Debug|Any CPU
		{3843529C-83EB-4644-9509-06BC633E5B37}.Release|Any CPU.ActiveCfg = Release|Any CPU
		{3843529C-83EB-4644-9509-06BC633E5B37}.Release|Any CPU.Build.0 = Release|Any CPU
	EndGlobalSection
	GlobalSection(SolutionProperties) = preSolution
		HideSolutionNode = FALSE
	EndGlobalSection
	GlobalSection(ExtensibilityGlobals) = postSolution
		SolutionGuid = {E70FF0F9-0EE1-48AA-B4FC-D25BBDF5DE38}
	EndGlobalSection
EndGlobal
