
Microsoft Visual Studio Solution File, Format Version 12.00
# Visual Studio 15
VisualStudioVersion = 15.0.27130.2010
MinimumVisualStudioVersion = 10.0.40219.1
Project("{2150E333-8FDC-42A3-9474-1A3956D46DE8}") = "UI", "UI", "{29E13233-8FE3-4D18-BEF0-7149E35DD146}"
EndProject
Project("{2150E333-8FDC-42A3-9474-1A3956D46DE8}") = "UI.Common", "UI.Common", "{A49B660C-D962-4B71-8EF7-69CDCF1C27F9}"
EndProject
Project("{FAE04EC0-301F-11D3-BF4B-00C04F79EFBC}") = "Wpf.Shell", "UI.Container\Wpf.Shell\Wpf.Shell.csproj", "{438D4F07-B9BF-495B-8297-DE9458890242}"
EndProject
Project("{FAE04EC0-301F-11D3-BF4B-00C04F79EFBC}") = "UI.Infrastructure", "UI.Container\UI.Infrastructure\UI.Infrastructure.csproj", "{25E99BE8-1EC6-44E0-A5AC-B38BD295328C}"
EndProject
Project("{FAE04EC0-301F-11D3-BF4B-00C04F79EFBC}") = "UI.Services.Interfaces", "UI.Container\UI.Services.Interfaces\UI.Services.Interfaces.csproj", "{BADAC63B-90B3-460A-932E-FF7F94497614}"
EndProject
Project("{FAE04EC0-301F-11D3-BF4B-00C04F79EFBC}") = "UI.AvalonDock", "UI.Container\UI.AvalonDock\UI.AvalonDock.csproj", "{DB81988F-E0F2-45A0-A1FD-8C37F3D35244}"
EndProject
Project("{FAE04EC0-301F-11D3-BF4B-00C04F79EFBC}") = "UI.TradeEntry", "UI.Container\UI.TradeEntry\UI.TradeEntry.csproj", "{3D795FB6-4CE2-4A4E-A7F2-E84897D57670}"
EndProject
Project("{FAE04EC0-301F-11D3-BF4B-00C04F79EFBC}") = "UI.TestApp1", "UI.Container\UI.TestApp1\UI.TestApp1.csproj", "{8876EAEB-50E6-40F3-8587-A670F945C807}"
EndProject
Project("{FAE04EC0-301F-11D3-BF4B-00C04F79EFBC}") = "UI.TestApp2", "UI.Container\UI.TestApp2\UI.TestApp2.csproj", "{408BA90A-B10E-4495-A729-D9D47B755B6F}"
EndProject
Project("{FAE04EC0-301F-11D3-BF4B-00C04F79EFBC}") = "UI.TestApp3", "UI.Container\UI.TestApp3\UI.TestApp3.csproj", "{DBB9E93A-20A6-46A6-B334-0F7E6D0E74B4}"
EndProject
Global
	GlobalSection(SolutionConfigurationPlatforms) = preSolution
		Debug|Any CPU = Debug|Any CPU
		Release|Any CPU = Release|Any CPU
	EndGlobalSection
	GlobalSection(ProjectConfigurationPlatforms) = postSolution
		{438D4F07-B9BF-495B-8297-DE9458890242}.Debug|Any CPU.ActiveCfg = Debug|Any CPU
		{438D4F07-B9BF-495B-8297-DE9458890242}.Debug|Any CPU.Build.0 = Debug|Any CPU
		{438D4F07-B9BF-495B-8297-DE9458890242}.Release|Any CPU.ActiveCfg = Release|Any CPU
		{438D4F07-B9BF-495B-8297-DE9458890242}.Release|Any CPU.Build.0 = Release|Any CPU
		{25E99BE8-1EC6-44E0-A5AC-B38BD295328C}.Debug|Any CPU.ActiveCfg = Debug|Any CPU
		{25E99BE8-1EC6-44E0-A5AC-B38BD295328C}.Debug|Any CPU.Build.0 = Debug|Any CPU
		{25E99BE8-1EC6-44E0-A5AC-B38BD295328C}.Release|Any CPU.ActiveCfg = Release|Any CPU
		{25E99BE8-1EC6-44E0-A5AC-B38BD295328C}.Release|Any CPU.Build.0 = Release|Any CPU
		{BADAC63B-90B3-460A-932E-FF7F94497614}.Debug|Any CPU.ActiveCfg = Debug|Any CPU
		{BADAC63B-90B3-460A-932E-FF7F94497614}.Debug|Any CPU.Build.0 = Debug|Any CPU
		{BADAC63B-90B3-460A-932E-FF7F94497614}.Release|Any CPU.ActiveCfg = Release|Any CPU
		{BADAC63B-90B3-460A-932E-FF7F94497614}.Release|Any CPU.Build.0 = Release|Any CPU
		{DB81988F-E0F2-45A0-A1FD-8C37F3D35244}.Debug|Any CPU.ActiveCfg = Debug|Any CPU
		{DB81988F-E0F2-45A0-A1FD-8C37F3D35244}.Debug|Any CPU.Build.0 = Debug|Any CPU
		{DB81988F-E0F2-45A0-A1FD-8C37F3D35244}.Release|Any CPU.ActiveCfg = Release|Any CPU
		{DB81988F-E0F2-45A0-A1FD-8C37F3D35244}.Release|Any CPU.Build.0 = Release|Any CPU
		{3D795FB6-4CE2-4A4E-A7F2-E84897D57670}.Debug|Any CPU.ActiveCfg = Debug|Any CPU
		{3D795FB6-4CE2-4A4E-A7F2-E84897D57670}.Debug|Any CPU.Build.0 = Debug|Any CPU
		{3D795FB6-4CE2-4A4E-A7F2-E84897D57670}.Release|Any CPU.ActiveCfg = Release|Any CPU
		{3D795FB6-4CE2-4A4E-A7F2-E84897D57670}.Release|Any CPU.Build.0 = Release|Any CPU
		{8876EAEB-50E6-40F3-8587-A670F945C807}.Debug|Any CPU.ActiveCfg = Debug|Any CPU
		{8876EAEB-50E6-40F3-8587-A670F945C807}.Debug|Any CPU.Build.0 = Debug|Any CPU
		{8876EAEB-50E6-40F3-8587-A670F945C807}.Release|Any CPU.ActiveCfg = Release|Any CPU
		{8876EAEB-50E6-40F3-8587-A670F945C807}.Release|Any CPU.Build.0 = Release|Any CPU
		{408BA90A-B10E-4495-A729-D9D47B755B6F}.Debug|Any CPU.ActiveCfg = Debug|Any CPU
		{408BA90A-B10E-4495-A729-D9D47B755B6F}.Debug|Any CPU.Build.0 = Debug|Any CPU
		{408BA90A-B10E-4495-A729-D9D47B755B6F}.Release|Any CPU.ActiveCfg = Release|Any CPU
		{408BA90A-B10E-4495-A729-D9D47B755B6F}.Release|Any CPU.Build.0 = Release|Any CPU
		{DBB9E93A-20A6-46A6-B334-0F7E6D0E74B4}.Debug|Any CPU.ActiveCfg = Debug|Any CPU
		{DBB9E93A-20A6-46A6-B334-0F7E6D0E74B4}.Debug|Any CPU.Build.0 = Debug|Any CPU
		{DBB9E93A-20A6-46A6-B334-0F7E6D0E74B4}.Release|Any CPU.ActiveCfg = Release|Any CPU
		{DBB9E93A-20A6-46A6-B334-0F7E6D0E74B4}.Release|Any CPU.Build.0 = Release|Any CPU
	EndGlobalSection
	GlobalSection(SolutionProperties) = preSolution
		HideSolutionNode = FALSE
	EndGlobalSection
	GlobalSection(NestedProjects) = preSolution
		{25E99BE8-1EC6-44E0-A5AC-B38BD295328C} = {A49B660C-D962-4B71-8EF7-69CDCF1C27F9}
		{BADAC63B-90B3-460A-932E-FF7F94497614} = {A49B660C-D962-4B71-8EF7-69CDCF1C27F9}
		{DB81988F-E0F2-45A0-A1FD-8C37F3D35244} = {29E13233-8FE3-4D18-BEF0-7149E35DD146}
		{3D795FB6-4CE2-4A4E-A7F2-E84897D57670} = {29E13233-8FE3-4D18-BEF0-7149E35DD146}
		{8876EAEB-50E6-40F3-8587-A670F945C807} = {29E13233-8FE3-4D18-BEF0-7149E35DD146}
		{408BA90A-B10E-4495-A729-D9D47B755B6F} = {29E13233-8FE3-4D18-BEF0-7149E35DD146}
		{DBB9E93A-20A6-46A6-B334-0F7E6D0E74B4} = {29E13233-8FE3-4D18-BEF0-7149E35DD146}
	EndGlobalSection
	GlobalSection(ExtensibilityGlobals) = postSolution
		SolutionGuid = {DEA44CE5-33F7-40A1-9F88-260275942740}
	EndGlobalSection
EndGlobal
